
Microsoft Visual Studio Solution File, Format Version 12.00
# Visual Studio Version 17
VisualStudioVersion = 17.0.32002.185
MinimumVisualStudioVersion = 10.0.40219.1
Project("{2150E333-8FDC-42A3-9474-1A3956D46DE8}") = "Services", "Services", "{5A73EC2B-C9B7-49CE-BCEC-5C1EBB940675}"
EndProject
Project("{2150E333-8FDC-42A3-9474-1A3956D46DE8}") = "Catalog", "Catalog", "{9E4A839E-D153-4E16-B417-4CC2F3BB690B}"
EndProject
Project("{9A19103F-16F7-4668-BE54-9A1E7A4F7556}") = "Catalog.API", "Services\Catalog\Catalog.API\Catalog.API.csproj", "{FF8E0A99-A8BD-402F-A236-B239EEB91DAD}"
EndProject
Project("{E53339B2-1760-4266-BCC7-CA923CBCF16C}") = "docker-compose", "docker-compose.dcproj", "{27F3D26F-E4B0-4893-9387-46617964A4C1}"
EndProject
Global
	GlobalSection(SolutionConfigurationPlatforms) = preSolution
		Debug|Any CPU = Debug|Any CPU
		Release|Any CPU = Release|Any CPU
	EndGlobalSection
	GlobalSection(ProjectConfigurationPlatforms) = postSolution
		{FF8E0A99-A8BD-402F-A236-B239EEB91DAD}.Debug|Any CPU.ActiveCfg = Debug|Any CPU
		{FF8E0A99-A8BD-402F-A236-B239EEB91DAD}.Debug|Any CPU.Build.0 = Debug|Any CPU
		{FF8E0A99-A8BD-402F-A236-B239EEB91DAD}.Release|Any CPU.ActiveCfg = Release|Any CPU
		{FF8E0A99-A8BD-402F-A236-B239EEB91DAD}.Release|Any CPU.Build.0 = Release|Any CPU
		{27F3D26F-E4B0-4893-9387-46617964A4C1}.Debug|Any CPU.ActiveCfg = Debug|Any CPU
		{27F3D26F-E4B0-4893-9387-46617964A4C1}.Debug|Any CPU.Build.0 = Debug|Any CPU
		{27F3D26F-E4B0-4893-9387-46617964A4C1}.Release|Any CPU.ActiveCfg = Release|Any CPU
		{27F3D26F-E4B0-4893-9387-46617964A4C1}.Release|Any CPU.Build.0 = Release|Any CPU
	EndGlobalSection
	GlobalSection(SolutionProperties) = preSolution
		HideSolutionNode = FALSE
	EndGlobalSection
	GlobalSection(NestedProjects) = preSolution
		{9E4A839E-D153-4E16-B417-4CC2F3BB690B} = {5A73EC2B-C9B7-49CE-BCEC-5C1EBB940675}
		{FF8E0A99-A8BD-402F-A236-B239EEB91DAD} = {9E4A839E-D153-4E16-B417-4CC2F3BB690B}
	EndGlobalSection
	GlobalSection(ExtensibilityGlobals) = postSolution
		SolutionGuid = {2D0A813E-4B8B-4028-ABAF-9C3062CE2B58}
	EndGlobalSection
EndGlobal
